<Solution>
  <Folder Name="/Task0/">
    <Project Path="Tyuiu.ShahurinRA.Sprint0.Task0.V0/Tyuiu.ShahurinRA.Sprint0.Task0.V0.csproj" />
  </Folder>
  <Folder Name="/Task1/">
    <Project Path="Tyuiu.ShahurinRA.Sprint0.Task1.V0/Tyuiu.ShahurinRA.Sprint0.Task1.V0.csproj" />
  </Folder>
  <Folder Name="/Task2/">
    <Project Path="Tyuiu.ShahurinRA.Sprint0.Task2.V0.Lib/Tyuiu.ShahurinRA.Sprint0.Task2.V0.Lib.csproj" />
    <Project Path="Tyuiu.ShahurinRA.Sprint0.Task2.V0.Test/Tyuiu.ShahurinRA.Sprint0.Task2.V0.Test.csproj" />
    <Project Path="Tyuiu.ShahurinRA.Sprint0.Task2.V0/Tyuiu.ShahurinRA.Sprint0.Task2.V0.csproj" />
  </Folder>
  <Folder Name="/Task3/">
    <Project Path="Tyuiu.ShahurinRA.Sprint0.Task3.V0.Lib/Tyuiu.ShahurinRA.Sprint0.Task3.V0.Lib.csproj" Id="e0d4a49f-e39b-4690-a542-627b832bbcb0" />
    <Project Path="Tyuiu.ShahurinRA.Sprint0.Task3.V0.Test/Tyuiu.ShahurinRA.Sprint0.Task3.V0.Test.csproj" Id="f92919aa-150b-4239-b115-37190446a1c4" />
    <Project Path="Tyuiu.ShahurinRA.Sprint0.Task3.V0/Tyuiu.ShahurinRA.Sprint0.Task3.V0..csproj" Id="eeeda25a-bb16-418c-80b3-01e98cdb6680" />
  </Folder>
</Solution>
